
Microsoft Visual Studio Solution File, Format Version 12.00
# Visual Studio 15
VisualStudioVersion = 15.0.26730.16
MinimumVisualStudioVersion = 10.0.40219.1
Project("{FAE04EC0-301F-11D3-BF4B-00C04F79EFBC}") = "ContosoUniversity", "ContosoUniversity\ContosoUniversity.csproj", "{D9862596-E594-46C6-B635-1EDC1DB7E04E}"
EndProject
Project("{FAE04EC0-301F-11D3-BF4B-00C04F79EFBC}") = "ContosoUniversity.Tests", "ContosoUniversity.Tests\ContosoUniversity.Tests.csproj", "{E6A1325A-C9A6-495D-9868-71BCF4B77DF9}"
EndProject
Global
	GlobalSection(SolutionConfigurationPlatforms) = preSolution
		Debug|Any CPU = Debug|Any CPU
		Release|Any CPU = Release|Any CPU
	EndGlobalSection
	GlobalSection(ProjectConfigurationPlatforms) = postSolution
		{D9862596-E594-46C6-B635-1EDC1DB7E04E}.Debug|Any CPU.ActiveCfg = Debug|Any CPU
		{D9862596-E594-46C6-B635-1EDC1DB7E04E}.Debug|Any CPU.Build.0 = Debug|Any CPU
		{D9862596-E594-46C6-B635-1EDC1DB7E04E}.Release|Any CPU.ActiveCfg = Release|Any CPU
		{D9862596-E594-46C6-B635-1EDC1DB7E04E}.Release|Any CPU.Build.0 = Release|Any CPU
		{E6A1325A-C9A6-495D-9868-71BCF4B77DF9}.Debug|Any CPU.ActiveCfg = Debug|Any CPU
		{E6A1325A-C9A6-495D-9868-71BCF4B77DF9}.Debug|Any CPU.Build.0 = Debug|Any CPU
		{E6A1325A-C9A6-495D-9868-71BCF4B77DF9}.Release|Any CPU.ActiveCfg = Release|Any CPU
		{E6A1325A-C9A6-495D-9868-71BCF4B77DF9}.Release|Any CPU.Build.0 = Release|Any CPU
	EndGlobalSection
	GlobalSection(SolutionProperties) = preSolution
		HideSolutionNode = FALSE
	EndGlobalSection
	GlobalSection(ExtensibilityGlobals) = postSolution
		SolutionGuid = {C22C8D5C-F85E-453B-B1DE-A0B526CB7C26}
	EndGlobalSection
EndGlobal
